
Microsoft Visual Studio Solution File, Format Version 12.00
# Visual Studio Version 17
VisualStudioVersion = 17.14.36518.9
MinimumVisualStudioVersion = 10.0.40219.1
Project("{FAE04EC0-301F-11D3-BF4B-00C04F79EFBC}") = "MinSqlServer", "MinSqlServer\MinSqlServer.csproj", "{153AEA9E-443B-49CD-9046-8442B2EB7DDE}"
EndProject
Project("{FAE04EC0-301F-11D3-BF4B-00C04F79EFBC}") = "MinFileRW", "MinFileRW\MinFileRW.csproj", "{A949F03D-82CF-4EA6-8770-9BA638AB28C6}"
EndProject
Global
	GlobalSection(SolutionConfigurationPlatforms) = preSolution
		Debug|Any CPU = Debug|Any CPU
		Release|Any CPU = Release|Any CPU
	EndGlobalSection
	GlobalSection(ProjectConfigurationPlatforms) = postSolution
		{153AEA9E-443B-49CD-9046-8442B2EB7DDE}.Debug|Any CPU.ActiveCfg = Debug|Any CPU
		{153AEA9E-443B-49CD-9046-8442B2EB7DDE}.Debug|Any CPU.Build.0 = Debug|Any CPU
		{153AEA9E-443B-49CD-9046-8442B2EB7DDE}.Release|Any CPU.ActiveCfg = Release|Any CPU
		{153AEA9E-443B-49CD-9046-8442B2EB7DDE}.Release|Any CPU.Build.0 = Release|Any CPU
		{A949F03D-82CF-4EA6-8770-9BA638AB28C6}.Debug|Any CPU.ActiveCfg = Debug|Any CPU
		{A949F03D-82CF-4EA6-8770-9BA638AB28C6}.Debug|Any CPU.Build.0 = Debug|Any CPU
		{A949F03D-82CF-4EA6-8770-9BA638AB28C6}.Release|Any CPU.ActiveCfg = Release|Any CPU
		{A949F03D-82CF-4EA6-8770-9BA638AB28C6}.Release|Any CPU.Build.0 = Release|Any CPU
	EndGlobalSection
	GlobalSection(SolutionProperties) = preSolution
		HideSolutionNode = FALSE
	EndGlobalSection
	GlobalSection(ExtensibilityGlobals) = postSolution
		SolutionGuid = {7BF96E71-5D4F-4C80-B9B0-77B80F30675C}
	EndGlobalSection
EndGlobal
